
Microsoft Visual Studio Solution File, Format Version 12.00
# Visual Studio 2013
VisualStudioVersion = 12.0.31101.0
MinimumVisualStudioVersion = 10.0.40219.1
Project("{FAE04EC0-301F-11D3-BF4B-00C04F79EFBC}") = "01.InterestCalculator", "Homework08-Delegates-Events\01.InterestCalculator.csproj", "{B0AF1472-9269-4506-A7CF-D5FE1469DE51}"
EndProject
Project("{FAE04EC0-301F-11D3-BF4B-00C04F79EFBC}") = "01.InterestCalculator!", "02.InterestCalculator!\01.InterestCalculator!.csproj", "{D9CAEEDB-1C00-4896-8113-A2C144E2DC86}"
EndProject
Project("{FAE04EC0-301F-11D3-BF4B-00C04F79EFBC}") = "02.AsynchronousTimer", "02.AsynchronousTimer\02.AsynchronousTimer.csproj", "{1DA135FD-FAC0-4903-A332-0405A6CE1CFD}"
EndProject
Global
	GlobalSection(SolutionConfigurationPlatforms) = preSolution
		Debug|Any CPU = Debug|Any CPU
		Release|Any CPU = Release|Any CPU
	EndGlobalSection
	GlobalSection(ProjectConfigurationPlatforms) = postSolution
		{B0AF1472-9269-4506-A7CF-D5FE1469DE51}.Debug|Any CPU.ActiveCfg = Debug|Any CPU
		{B0AF1472-9269-4506-A7CF-D5FE1469DE51}.Debug|Any CPU.Build.0 = Debug|Any CPU
		{B0AF1472-9269-4506-A7CF-D5FE1469DE51}.Release|Any CPU.ActiveCfg = Release|Any CPU
		{B0AF1472-9269-4506-A7CF-D5FE1469DE51}.Release|Any CPU.Build.0 = Release|Any CPU
		{D9CAEEDB-1C00-4896-8113-A2C144E2DC86}.Debug|Any CPU.ActiveCfg = Debug|Any CPU
		{D9CAEEDB-1C00-4896-8113-A2C144E2DC86}.Debug|Any CPU.Build.0 = Debug|Any CPU
		{D9CAEEDB-1C00-4896-8113-A2C144E2DC86}.Release|Any CPU.ActiveCfg = Release|Any CPU
		{D9CAEEDB-1C00-4896-8113-A2C144E2DC86}.Release|Any CPU.Build.0 = Release|Any CPU
		{1DA135FD-FAC0-4903-A332-0405A6CE1CFD}.Debug|Any CPU.ActiveCfg = Debug|Any CPU
		{1DA135FD-FAC0-4903-A332-0405A6CE1CFD}.Debug|Any CPU.Build.0 = Debug|Any CPU
		{1DA135FD-FAC0-4903-A332-0405A6CE1CFD}.Release|Any CPU.ActiveCfg = Release|Any CPU
		{1DA135FD-FAC0-4903-A332-0405A6CE1CFD}.Release|Any CPU.Build.0 = Release|Any CPU
	EndGlobalSection
	GlobalSection(SolutionProperties) = preSolution
		HideSolutionNode = FALSE
	EndGlobalSection
EndGlobal
