
Microsoft Visual Studio Solution File, Format Version 12.00
# Visual Studio 2013
VisualStudioVersion = 12.0.31101.0
MinimumVisualStudioVersion = 10.0.40219.1
Project("{FAE04EC0-301F-11D3-BF4B-00C04F79EFBC}") = "01.FirstTest", "01.FirstTest\01.FirstTest.csproj", "{480F502C-4A4A-4EF4-ADBE-7E391B29BDA0}"
EndProject
Project("{FAE04EC0-301F-11D3-BF4B-00C04F79EFBC}") = "02.SecondProgram", "02.SecondProgram\02.SecondProgram.csproj", "{2D5B9210-851F-4BD7-9968-C479F99CF79E}"
EndProject
Project("{FAE04EC0-301F-11D3-BF4B-00C04F79EFBC}") = "02.SecondProgram.Test", "02.SecondProgram.Test\02.SecondProgram.Test.csproj", "{B2EFB0E6-10C0-4D3D-AD11-07BA5737A0F5}"
EndProject
Project("{2150E333-8FDC-42A3-9474-1A3956D46DE8}") = ".nuget", ".nuget", "{7FE0E32D-F693-470B-A83E-667777DB5B50}"
	ProjectSection(SolutionItems) = preProject
		.nuget\packages.config = .nuget\packages.config
	EndProjectSection
EndProject
Global
	GlobalSection(SolutionConfigurationPlatforms) = preSolution
		Debug|Any CPU = Debug|Any CPU
		Release|Any CPU = Release|Any CPU
	EndGlobalSection
	GlobalSection(ProjectConfigurationPlatforms) = postSolution
		{480F502C-4A4A-4EF4-ADBE-7E391B29BDA0}.Debug|Any CPU.ActiveCfg = Debug|Any CPU
		{480F502C-4A4A-4EF4-ADBE-7E391B29BDA0}.Debug|Any CPU.Build.0 = Debug|Any CPU
		{480F502C-4A4A-4EF4-ADBE-7E391B29BDA0}.Release|Any CPU.ActiveCfg = Release|Any CPU
		{480F502C-4A4A-4EF4-ADBE-7E391B29BDA0}.Release|Any CPU.Build.0 = Release|Any CPU
		{2D5B9210-851F-4BD7-9968-C479F99CF79E}.Debug|Any CPU.ActiveCfg = Debug|Any CPU
		{2D5B9210-851F-4BD7-9968-C479F99CF79E}.Debug|Any CPU.Build.0 = Debug|Any CPU
		{2D5B9210-851F-4BD7-9968-C479F99CF79E}.Release|Any CPU.ActiveCfg = Release|Any CPU
		{2D5B9210-851F-4BD7-9968-C479F99CF79E}.Release|Any CPU.Build.0 = Release|Any CPU
		{B2EFB0E6-10C0-4D3D-AD11-07BA5737A0F5}.Debug|Any CPU.ActiveCfg = Debug|Any CPU
		{B2EFB0E6-10C0-4D3D-AD11-07BA5737A0F5}.Debug|Any CPU.Build.0 = Debug|Any CPU
		{B2EFB0E6-10C0-4D3D-AD11-07BA5737A0F5}.Release|Any CPU.ActiveCfg = Release|Any CPU
		{B2EFB0E6-10C0-4D3D-AD11-07BA5737A0F5}.Release|Any CPU.Build.0 = Release|Any CPU
	EndGlobalSection
	GlobalSection(SolutionProperties) = preSolution
		HideSolutionNode = FALSE
	EndGlobalSection
EndGlobal
