
Microsoft Visual Studio Solution File, Format Version 12.00
# Visual Studio 2013
VisualStudioVersion = 12.0.21005.1
MinimumVisualStudioVersion = 10.0.40219.1
Project("{FAE04EC0-301F-11D3-BF4B-00C04F79EFBC}") = "Assert", "Example1\Assert.csproj", "{66BB0358-B825-4B6E-AB22-03FA08128B31}"
EndProject
Project("{FAE04EC0-301F-11D3-BF4B-00C04F79EFBC}") = "Assert.Tests", "Example1.Test\Assert.Tests.csproj", "{314B2C1F-955A-40D6-B5E6-ACA0F5960EE1}"
EndProject
Project("{FAE04EC0-301F-11D3-BF4B-00C04F79EFBC}") = "Trait", "Example33\Trait.csproj", "{14CD6CDF-3927-4EB4-BA62-75416E648452}"
EndProject
Project("{FAE04EC0-301F-11D3-BF4B-00C04F79EFBC}") = "Trait.Test", "Example3.Test\Trait.Test.csproj", "{32B655E1-CCA7-41DC-AA9E-1280B61FB20D}"
EndProject
Project("{FAE04EC0-301F-11D3-BF4B-00C04F79EFBC}") = "Example4.AutoFixer.Test", "Example4.AutoFixer\Example4.AutoFixer.Test.csproj", "{A9A9AF45-B687-4A9D-A26F-EF84DCFBD1B6}"
EndProject
Project("{FAE04EC0-301F-11D3-BF4B-00C04F79EFBC}") = "Example4.AutoFixer", "Example4.AutoFixerr\Example4.AutoFixer.csproj", "{38E642AF-2BEA-4518-95F8-A92FE5C404B9}"
EndProject
Project("{FAE04EC0-301F-11D3-BF4B-00C04F79EFBC}") = "AutoFixerDataTheories.Test", "Example5\AutoFixerDataTheories.Test.csproj", "{8BAB7C0F-E2C4-4DEA-96EA-C2D1EFDBAEE9}"
EndProject
Project("{FAE04EC0-301F-11D3-BF4B-00C04F79EFBC}") = "AutoFixerDataTheories", "Example5.AutoFixerDataTheories\AutoFixerDataTheories.csproj", "{37B57EAC-6499-4759-8E60-013587F626B6}"
EndProject
Global
	GlobalSection(SolutionConfigurationPlatforms) = preSolution
		Debug|Any CPU = Debug|Any CPU
		Release|Any CPU = Release|Any CPU
	EndGlobalSection
	GlobalSection(ProjectConfigurationPlatforms) = postSolution
		{66BB0358-B825-4B6E-AB22-03FA08128B31}.Debug|Any CPU.ActiveCfg = Debug|Any CPU
		{66BB0358-B825-4B6E-AB22-03FA08128B31}.Debug|Any CPU.Build.0 = Debug|Any CPU
		{66BB0358-B825-4B6E-AB22-03FA08128B31}.Release|Any CPU.ActiveCfg = Release|Any CPU
		{66BB0358-B825-4B6E-AB22-03FA08128B31}.Release|Any CPU.Build.0 = Release|Any CPU
		{314B2C1F-955A-40D6-B5E6-ACA0F5960EE1}.Debug|Any CPU.ActiveCfg = Debug|Any CPU
		{314B2C1F-955A-40D6-B5E6-ACA0F5960EE1}.Debug|Any CPU.Build.0 = Debug|Any CPU
		{314B2C1F-955A-40D6-B5E6-ACA0F5960EE1}.Release|Any CPU.ActiveCfg = Release|Any CPU
		{314B2C1F-955A-40D6-B5E6-ACA0F5960EE1}.Release|Any CPU.Build.0 = Release|Any CPU
		{14CD6CDF-3927-4EB4-BA62-75416E648452}.Debug|Any CPU.ActiveCfg = Debug|Any CPU
		{14CD6CDF-3927-4EB4-BA62-75416E648452}.Debug|Any CPU.Build.0 = Debug|Any CPU
		{14CD6CDF-3927-4EB4-BA62-75416E648452}.Release|Any CPU.ActiveCfg = Release|Any CPU
		{14CD6CDF-3927-4EB4-BA62-75416E648452}.Release|Any CPU.Build.0 = Release|Any CPU
		{32B655E1-CCA7-41DC-AA9E-1280B61FB20D}.Debug|Any CPU.ActiveCfg = Debug|Any CPU
		{32B655E1-CCA7-41DC-AA9E-1280B61FB20D}.Debug|Any CPU.Build.0 = Debug|Any CPU
		{32B655E1-CCA7-41DC-AA9E-1280B61FB20D}.Release|Any CPU.ActiveCfg = Release|Any CPU
		{32B655E1-CCA7-41DC-AA9E-1280B61FB20D}.Release|Any CPU.Build.0 = Release|Any CPU
		{A9A9AF45-B687-4A9D-A26F-EF84DCFBD1B6}.Debug|Any CPU.ActiveCfg = Debug|Any CPU
		{A9A9AF45-B687-4A9D-A26F-EF84DCFBD1B6}.Debug|Any CPU.Build.0 = Debug|Any CPU
		{A9A9AF45-B687-4A9D-A26F-EF84DCFBD1B6}.Release|Any CPU.ActiveCfg = Release|Any CPU
		{A9A9AF45-B687-4A9D-A26F-EF84DCFBD1B6}.Release|Any CPU.Build.0 = Release|Any CPU
		{38E642AF-2BEA-4518-95F8-A92FE5C404B9}.Debug|Any CPU.ActiveCfg = Debug|Any CPU
		{38E642AF-2BEA-4518-95F8-A92FE5C404B9}.Debug|Any CPU.Build.0 = Debug|Any CPU
		{38E642AF-2BEA-4518-95F8-A92FE5C404B9}.Release|Any CPU.ActiveCfg = Release|Any CPU
		{38E642AF-2BEA-4518-95F8-A92FE5C404B9}.Release|Any CPU.Build.0 = Release|Any CPU
		{8BAB7C0F-E2C4-4DEA-96EA-C2D1EFDBAEE9}.Debug|Any CPU.ActiveCfg = Debug|Any CPU
		{8BAB7C0F-E2C4-4DEA-96EA-C2D1EFDBAEE9}.Debug|Any CPU.Build.0 = Debug|Any CPU
		{8BAB7C0F-E2C4-4DEA-96EA-C2D1EFDBAEE9}.Release|Any CPU.ActiveCfg = Release|Any CPU
		{8BAB7C0F-E2C4-4DEA-96EA-C2D1EFDBAEE9}.Release|Any CPU.Build.0 = Release|Any CPU
		{37B57EAC-6499-4759-8E60-013587F626B6}.Debug|Any CPU.ActiveCfg = Debug|Any CPU
		{37B57EAC-6499-4759-8E60-013587F626B6}.Debug|Any CPU.Build.0 = Debug|Any CPU
		{37B57EAC-6499-4759-8E60-013587F626B6}.Release|Any CPU.ActiveCfg = Release|Any CPU
		{37B57EAC-6499-4759-8E60-013587F626B6}.Release|Any CPU.Build.0 = Release|Any CPU
	EndGlobalSection
	GlobalSection(SolutionProperties) = preSolution
		HideSolutionNode = FALSE
	EndGlobalSection
EndGlobal
