
Microsoft Visual Studio Solution File, Format Version 12.00
# Visual Studio 2013
VisualStudioVersion = 12.0.31101.0
MinimumVisualStudioVersion = 10.0.40219.1
Project("{FAE04EC0-301F-11D3-BF4B-00C04F79EFBC}") = "01.Shapes", "Homework05-Encapsulation-Polymorfphism\01.Shapes.csproj", "{02C88D2B-E726-46F2-BF7B-D0B979921C4F}"
EndProject
Project("{FAE04EC0-301F-11D3-BF4B-00C04F79EFBC}") = "02.Bank", "02.BankOfKurtovoKonare\02.Bank.csproj", "{BE48D021-333A-40BA-B3A9-6B2844356EE2}"
EndProject
Project("{FAE04EC0-301F-11D3-BF4B-00C04F79EFBC}") = "02.Bank-DependanceIngection", "02.BankOfKurtovoKonare-DependanceIngection\02.Bank-DependanceIngection.csproj", "{905DAE07-0E85-4406-84EB-FAB21DCF69FF}"
EndProject
Project("{FAE04EC0-301F-11D3-BF4B-00C04F79EFBC}") = "03.GameEngine", "03.GameEngine\03.GameEngine.csproj", "{29028CCB-AD1D-4030-A876-179FDD856308}"
EndProject
Global
	GlobalSection(SolutionConfigurationPlatforms) = preSolution
		Debug|Any CPU = Debug|Any CPU
		Release|Any CPU = Release|Any CPU
	EndGlobalSection
	GlobalSection(ProjectConfigurationPlatforms) = postSolution
		{02C88D2B-E726-46F2-BF7B-D0B979921C4F}.Debug|Any CPU.ActiveCfg = Debug|Any CPU
		{02C88D2B-E726-46F2-BF7B-D0B979921C4F}.Debug|Any CPU.Build.0 = Debug|Any CPU
		{02C88D2B-E726-46F2-BF7B-D0B979921C4F}.Release|Any CPU.ActiveCfg = Release|Any CPU
		{02C88D2B-E726-46F2-BF7B-D0B979921C4F}.Release|Any CPU.Build.0 = Release|Any CPU
		{BE48D021-333A-40BA-B3A9-6B2844356EE2}.Debug|Any CPU.ActiveCfg = Debug|Any CPU
		{BE48D021-333A-40BA-B3A9-6B2844356EE2}.Debug|Any CPU.Build.0 = Debug|Any CPU
		{BE48D021-333A-40BA-B3A9-6B2844356EE2}.Release|Any CPU.ActiveCfg = Release|Any CPU
		{BE48D021-333A-40BA-B3A9-6B2844356EE2}.Release|Any CPU.Build.0 = Release|Any CPU
		{905DAE07-0E85-4406-84EB-FAB21DCF69FF}.Debug|Any CPU.ActiveCfg = Debug|Any CPU
		{905DAE07-0E85-4406-84EB-FAB21DCF69FF}.Debug|Any CPU.Build.0 = Debug|Any CPU
		{905DAE07-0E85-4406-84EB-FAB21DCF69FF}.Release|Any CPU.ActiveCfg = Release|Any CPU
		{905DAE07-0E85-4406-84EB-FAB21DCF69FF}.Release|Any CPU.Build.0 = Release|Any CPU
		{29028CCB-AD1D-4030-A876-179FDD856308}.Debug|Any CPU.ActiveCfg = Debug|Any CPU
		{29028CCB-AD1D-4030-A876-179FDD856308}.Debug|Any CPU.Build.0 = Debug|Any CPU
		{29028CCB-AD1D-4030-A876-179FDD856308}.Release|Any CPU.ActiveCfg = Release|Any CPU
		{29028CCB-AD1D-4030-A876-179FDD856308}.Release|Any CPU.Build.0 = Release|Any CPU
	EndGlobalSection
	GlobalSection(SolutionProperties) = preSolution
		HideSolutionNode = FALSE
	EndGlobalSection
EndGlobal
