
Microsoft Visual Studio Solution File, Format Version 12.00
# Visual Studio 2013
VisualStudioVersion = 12.0.30723.0
MinimumVisualStudioVersion = 10.0.40219.1
Project("{2150E333-8FDC-42A3-9474-1A3956D46DE8}") = "Chapter11.ObjectsAndClasses", "Chapter11.ObjectsAndClasses", "{90B277CE-D6EC-4A57-B439-F4B7EF83A93A}"
EndProject
Project("{FAE04EC0-301F-11D3-BF4B-00C04F79EFBC}") = "Task04", "Task04_1\Task04.csproj", "{1BC33E63-C9EF-4E59-A1A1-1A8C99C7A462}"
EndProject
Project("{FAE04EC0-301F-11D3-BF4B-00C04F79EFBC}") = "Task07", "Task07_1\Task07.csproj", "{F09AD097-D3B2-4799-A54B-BC62AC7C6ED7}"
EndProject
Project("{FAE04EC0-301F-11D3-BF4B-00C04F79EFBC}") = "Task08", "Task08_1\Task08.csproj", "{CD6B3DFA-DC82-4279-BA92-808ABC66DAE5}"
EndProject
Project("{FAE04EC0-301F-11D3-BF4B-00C04F79EFBC}") = "Task10", "Task10_1\Task10.csproj", "{275C4245-7350-4257-991B-7EA780151C04}"
EndProject
Project("{FAE04EC0-301F-11D3-BF4B-00C04F79EFBC}") = "Task01", "Task11_1\Task01.csproj", "{485F0FD0-4066-47FF-8553-578F9FF05E6D}"
EndProject
Project("{2150E333-8FDC-42A3-9474-1A3956D46DE8}") = "Chapter14.DefiningClasses", "Chapter14.DefiningClasses", "{5DEE4FB0-3D11-44B6-888A-3558CDE2DEC5}"
EndProject
Project("{FAE04EC0-301F-11D3-BF4B-00C04F79EFBC}") = "Task01", "Task01_1\Task01.csproj", "{4EF160BB-8615-4BF4-8D5A-460F563DE641}"
EndProject
Global
	GlobalSection(SolutionConfigurationPlatforms) = preSolution
		Debug|Any CPU = Debug|Any CPU
		Release|Any CPU = Release|Any CPU
	EndGlobalSection
	GlobalSection(ProjectConfigurationPlatforms) = postSolution
		{1BC33E63-C9EF-4E59-A1A1-1A8C99C7A462}.Debug|Any CPU.ActiveCfg = Debug|Any CPU
		{1BC33E63-C9EF-4E59-A1A1-1A8C99C7A462}.Debug|Any CPU.Build.0 = Debug|Any CPU
		{1BC33E63-C9EF-4E59-A1A1-1A8C99C7A462}.Release|Any CPU.ActiveCfg = Release|Any CPU
		{1BC33E63-C9EF-4E59-A1A1-1A8C99C7A462}.Release|Any CPU.Build.0 = Release|Any CPU
		{F09AD097-D3B2-4799-A54B-BC62AC7C6ED7}.Debug|Any CPU.ActiveCfg = Debug|Any CPU
		{F09AD097-D3B2-4799-A54B-BC62AC7C6ED7}.Debug|Any CPU.Build.0 = Debug|Any CPU
		{F09AD097-D3B2-4799-A54B-BC62AC7C6ED7}.Release|Any CPU.ActiveCfg = Release|Any CPU
		{F09AD097-D3B2-4799-A54B-BC62AC7C6ED7}.Release|Any CPU.Build.0 = Release|Any CPU
		{CD6B3DFA-DC82-4279-BA92-808ABC66DAE5}.Debug|Any CPU.ActiveCfg = Debug|Any CPU
		{CD6B3DFA-DC82-4279-BA92-808ABC66DAE5}.Debug|Any CPU.Build.0 = Debug|Any CPU
		{CD6B3DFA-DC82-4279-BA92-808ABC66DAE5}.Release|Any CPU.ActiveCfg = Release|Any CPU
		{CD6B3DFA-DC82-4279-BA92-808ABC66DAE5}.Release|Any CPU.Build.0 = Release|Any CPU
		{275C4245-7350-4257-991B-7EA780151C04}.Debug|Any CPU.ActiveCfg = Debug|Any CPU
		{275C4245-7350-4257-991B-7EA780151C04}.Debug|Any CPU.Build.0 = Debug|Any CPU
		{275C4245-7350-4257-991B-7EA780151C04}.Release|Any CPU.ActiveCfg = Release|Any CPU
		{275C4245-7350-4257-991B-7EA780151C04}.Release|Any CPU.Build.0 = Release|Any CPU
		{485F0FD0-4066-47FF-8553-578F9FF05E6D}.Debug|Any CPU.ActiveCfg = Debug|Any CPU
		{485F0FD0-4066-47FF-8553-578F9FF05E6D}.Debug|Any CPU.Build.0 = Debug|Any CPU
		{485F0FD0-4066-47FF-8553-578F9FF05E6D}.Release|Any CPU.ActiveCfg = Release|Any CPU
		{485F0FD0-4066-47FF-8553-578F9FF05E6D}.Release|Any CPU.Build.0 = Release|Any CPU
		{4EF160BB-8615-4BF4-8D5A-460F563DE641}.Debug|Any CPU.ActiveCfg = Debug|Any CPU
		{4EF160BB-8615-4BF4-8D5A-460F563DE641}.Debug|Any CPU.Build.0 = Debug|Any CPU
		{4EF160BB-8615-4BF4-8D5A-460F563DE641}.Release|Any CPU.ActiveCfg = Release|Any CPU
		{4EF160BB-8615-4BF4-8D5A-460F563DE641}.Release|Any CPU.Build.0 = Release|Any CPU
	EndGlobalSection
	GlobalSection(SolutionProperties) = preSolution
		HideSolutionNode = FALSE
	EndGlobalSection
	GlobalSection(NestedProjects) = preSolution
		{1BC33E63-C9EF-4E59-A1A1-1A8C99C7A462} = {90B277CE-D6EC-4A57-B439-F4B7EF83A93A}
		{F09AD097-D3B2-4799-A54B-BC62AC7C6ED7} = {90B277CE-D6EC-4A57-B439-F4B7EF83A93A}
		{CD6B3DFA-DC82-4279-BA92-808ABC66DAE5} = {90B277CE-D6EC-4A57-B439-F4B7EF83A93A}
		{275C4245-7350-4257-991B-7EA780151C04} = {90B277CE-D6EC-4A57-B439-F4B7EF83A93A}
		{485F0FD0-4066-47FF-8553-578F9FF05E6D} = {90B277CE-D6EC-4A57-B439-F4B7EF83A93A}
		{4EF160BB-8615-4BF4-8D5A-460F563DE641} = {5DEE4FB0-3D11-44B6-888A-3558CDE2DEC5}
	EndGlobalSection
EndGlobal
